
Microsoft Visual Studio Solution File, Format Version 12.00
# Visual Studio Version 17
VisualStudioVersion = 17.10.35013.160
MinimumVisualStudioVersion = 10.0.40219.1
Project("{2150E333-8FDC-42A3-9474-1A3956D46DE8}") = "Элементы решения", "Элементы решения", "{A5EC54C7-6D62-4245-951F-2740BA0934D0}"
EndProject
Project("{E53339B2-1760-4266-BCC7-CA923CBCF16C}") = "docker-compose", "docker-compose.dcproj", "{A71D7C45-3291-4522-BB9D-C2061F71CA37}"
EndProject
Project("{9A19103F-16F7-4668-BE54-9A1E7A4F7556}") = "MicroMarket.Services.SharedCore", "MicroMarker.Services.SharedCore\MicroMarket.Services.SharedCore.csproj", "{8C86E460-663F-49F0-9BC1-6F7F3D7EB3E1}"
EndProject
Project("{9A19103F-16F7-4668-BE54-9A1E7A4F7556}") = "MicroMarket.Services.Identity", "MicroMarket.Services.Identity\MicroMarket.Services.Identity.csproj", "{CD62E5F3-335E-4A74-AA54-93275EB22010}"
EndProject
Project("{9A19103F-16F7-4668-BE54-9A1E7A4F7556}") = "MicroMarket.Services.Catalog", "MicroMarket.Services.Catalog\MicroMarket.Services.Catalog.csproj", "{ADFE4FE7-5AE3-43B1-A770-8D2509C71BF2}"
EndProject
Project("{9A19103F-16F7-4668-BE54-9A1E7A4F7556}") = "MicroMarket.Services.ApiGateway", "MicroMarket.Services.ApiGateway\MicroMarket.Services.ApiGateway.csproj", "{CBA3F0F5-0BE7-458A-88C6-86BE1FA543A6}"
EndProject
Project("{9A19103F-16F7-4668-BE54-9A1E7A4F7556}") = "MicroMarket.Services.Basket", "MicroMarket.Services.Basket\MicroMarket.Services.Basket.csproj", "{3150755F-D5D1-452F-BB6C-2CF63F0A21B8}"
EndProject
Project("{9A19103F-16F7-4668-BE54-9A1E7A4F7556}") = "Tests", "Tests\Tests.csproj", "{D675817D-38C0-4D6F-ABE3-BC49EEC97089}"
EndProject
Project("{9A19103F-16F7-4668-BE54-9A1E7A4F7556}") = "MicroMarket.Services.Ordering", "MicroMarket.Services.Ordering\MicroMarket.Services.Ordering.csproj", "{B9CF5B41-DBED-4EB4-98B8-C5EE68034D76}"
EndProject
Project("{9A19103F-16F7-4668-BE54-9A1E7A4F7556}") = "MicroMarket.Services.LiqPayPayment", "MicroMarket.Services.LiqPayPayment\MicroMarket.Services.LiqPayPayment.csproj", "{003B1D3A-7B2C-4474-9B2C-4CBBC0B490A7}"
EndProject
Project("{54A90642-561A-4BB1-A94E-469ADEE60C69}") = "micromarket.services.web", "MicroMarket.Services.Web\micromarket.services.web.esproj", "{78F7AF42-ABAA-4B29-B8D2-F175547CC61A}"
EndProject
Global
	GlobalSection(SolutionConfigurationPlatforms) = preSolution
		Debug|Any CPU = Debug|Any CPU
		Release|Any CPU = Release|Any CPU
	EndGlobalSection
	GlobalSection(ProjectConfigurationPlatforms) = postSolution
		{A71D7C45-3291-4522-BB9D-C2061F71CA37}.Debug|Any CPU.ActiveCfg = Debug|Any CPU
		{A71D7C45-3291-4522-BB9D-C2061F71CA37}.Debug|Any CPU.Build.0 = Debug|Any CPU
		{A71D7C45-3291-4522-BB9D-C2061F71CA37}.Release|Any CPU.ActiveCfg = Release|Any CPU
		{A71D7C45-3291-4522-BB9D-C2061F71CA37}.Release|Any CPU.Build.0 = Release|Any CPU
		{8C86E460-663F-49F0-9BC1-6F7F3D7EB3E1}.Debug|Any CPU.ActiveCfg = Debug|Any CPU
		{8C86E460-663F-49F0-9BC1-6F7F3D7EB3E1}.Debug|Any CPU.Build.0 = Debug|Any CPU
		{8C86E460-663F-49F0-9BC1-6F7F3D7EB3E1}.Release|Any CPU.ActiveCfg = Release|Any CPU
		{8C86E460-663F-49F0-9BC1-6F7F3D7EB3E1}.Release|Any CPU.Build.0 = Release|Any CPU
		{CD62E5F3-335E-4A74-AA54-93275EB22010}.Debug|Any CPU.ActiveCfg = Debug|Any CPU
		{CD62E5F3-335E-4A74-AA54-93275EB22010}.Debug|Any CPU.Build.0 = Debug|Any CPU
		{CD62E5F3-335E-4A74-AA54-93275EB22010}.Release|Any CPU.ActiveCfg = Release|Any CPU
		{CD62E5F3-335E-4A74-AA54-93275EB22010}.Release|Any CPU.Build.0 = Release|Any CPU
		{ADFE4FE7-5AE3-43B1-A770-8D2509C71BF2}.Debug|Any CPU.ActiveCfg = Debug|Any CPU
		{ADFE4FE7-5AE3-43B1-A770-8D2509C71BF2}.Debug|Any CPU.Build.0 = Debug|Any CPU
		{ADFE4FE7-5AE3-43B1-A770-8D2509C71BF2}.Release|Any CPU.ActiveCfg = Release|Any CPU
		{ADFE4FE7-5AE3-43B1-A770-8D2509C71BF2}.Release|Any CPU.Build.0 = Release|Any CPU
		{CBA3F0F5-0BE7-458A-88C6-86BE1FA543A6}.Debug|Any CPU.ActiveCfg = Debug|Any CPU
		{CBA3F0F5-0BE7-458A-88C6-86BE1FA543A6}.Debug|Any CPU.Build.0 = Debug|Any CPU
		{CBA3F0F5-0BE7-458A-88C6-86BE1FA543A6}.Release|Any CPU.ActiveCfg = Release|Any CPU
		{CBA3F0F5-0BE7-458A-88C6-86BE1FA543A6}.Release|Any CPU.Build.0 = Release|Any CPU
		{3150755F-D5D1-452F-BB6C-2CF63F0A21B8}.Debug|Any CPU.ActiveCfg = Debug|Any CPU
		{3150755F-D5D1-452F-BB6C-2CF63F0A21B8}.Debug|Any CPU.Build.0 = Debug|Any CPU
		{3150755F-D5D1-452F-BB6C-2CF63F0A21B8}.Release|Any CPU.ActiveCfg = Release|Any CPU
		{3150755F-D5D1-452F-BB6C-2CF63F0A21B8}.Release|Any CPU.Build.0 = Release|Any CPU
		{D675817D-38C0-4D6F-ABE3-BC49EEC97089}.Debug|Any CPU.ActiveCfg = Debug|Any CPU
		{D675817D-38C0-4D6F-ABE3-BC49EEC97089}.Debug|Any CPU.Build.0 = Debug|Any CPU
		{D675817D-38C0-4D6F-ABE3-BC49EEC97089}.Release|Any CPU.ActiveCfg = Release|Any CPU
		{D675817D-38C0-4D6F-ABE3-BC49EEC97089}.Release|Any CPU.Build.0 = Release|Any CPU
		{B9CF5B41-DBED-4EB4-98B8-C5EE68034D76}.Debug|Any CPU.ActiveCfg = Debug|Any CPU
		{B9CF5B41-DBED-4EB4-98B8-C5EE68034D76}.Debug|Any CPU.Build.0 = Debug|Any CPU
		{B9CF5B41-DBED-4EB4-98B8-C5EE68034D76}.Release|Any CPU.ActiveCfg = Release|Any CPU
		{B9CF5B41-DBED-4EB4-98B8-C5EE68034D76}.Release|Any CPU.Build.0 = Release|Any CPU
		{003B1D3A-7B2C-4474-9B2C-4CBBC0B490A7}.Debug|Any CPU.ActiveCfg = Debug|Any CPU
		{003B1D3A-7B2C-4474-9B2C-4CBBC0B490A7}.Debug|Any CPU.Build.0 = Debug|Any CPU
		{003B1D3A-7B2C-4474-9B2C-4CBBC0B490A7}.Release|Any CPU.ActiveCfg = Release|Any CPU
		{003B1D3A-7B2C-4474-9B2C-4CBBC0B490A7}.Release|Any CPU.Build.0 = Release|Any CPU
		{78F7AF42-ABAA-4B29-B8D2-F175547CC61A}.Debug|Any CPU.ActiveCfg = Debug|Any CPU
		{78F7AF42-ABAA-4B29-B8D2-F175547CC61A}.Debug|Any CPU.Build.0 = Debug|Any CPU
		{78F7AF42-ABAA-4B29-B8D2-F175547CC61A}.Debug|Any CPU.Deploy.0 = Debug|Any CPU
		{78F7AF42-ABAA-4B29-B8D2-F175547CC61A}.Release|Any CPU.ActiveCfg = Release|Any CPU
		{78F7AF42-ABAA-4B29-B8D2-F175547CC61A}.Release|Any CPU.Build.0 = Release|Any CPU
		{78F7AF42-ABAA-4B29-B8D2-F175547CC61A}.Release|Any CPU.Deploy.0 = Release|Any CPU
	EndGlobalSection
	GlobalSection(SolutionProperties) = preSolution
		HideSolutionNode = FALSE
	EndGlobalSection
	GlobalSection(ExtensibilityGlobals) = postSolution
		SolutionGuid = {6C6D360F-C28E-4454-BA33-02935BD157F2}
	EndGlobalSection
EndGlobal
